// !$*UTF8*$!
{
	archiveVersion = 1;
	classes = {
	};
	objectVersion = 56;
	objects = {

/* Begin PBXBuildFile section */
		F4195E2929E3030800D14F52 /* Core.cpp in Sources */ = {isa = PBXBuildFile; fileRef = F4195E2729E3030800D14F52 /* Core.cpp */; };
		F4195E2C29E303DA00D14F52 /* LTexture.cpp in Sources */ = {isa = PBXBuildFile; fileRef = F4195E2A29E303DA00D14F52 /* LTexture.cpp */; };
		F4195E2F29E3043800D14F52 /* SpaceShip.cpp in Sources */ = {isa = PBXBuildFile; fileRef = F4195E2D29E3043800D14F52 /* SpaceShip.cpp */; };
		F4195E3229E3047A00D14F52 /* Fire.cpp in Sources */ = {isa = PBXBuildFile; fileRef = F4195E3029E3047A00D14F52 /* Fire.cpp */; };
		F4F0F8FA29E2CA150057D8B4 /* libSDL2-2.0.0.dylib in Frameworks */ = {isa = PBXBuildFile; fileRef = F4F0F8F929E2CA150057D8B4 /* libSDL2-2.0.0.dylib */; };
		F4F0F8FC29E2CA270057D8B4 /* libSDL2_image-2.0.0.dylib in Frameworks */ = {isa = PBXBuildFile; fileRef = F4F0F8FB29E2CA270057D8B4 /* libSDL2_image-2.0.0.dylib */; };
		F4F0F8FE29E2CA380057D8B4 /* libSDL2_mixer-2.0.0.dylib in Frameworks */ = {isa = PBXBuildFile; fileRef = F4F0F8FD29E2CA380057D8B4 /* libSDL2_mixer-2.0.0.dylib */; };
		F4F0F90029E2CA450057D8B4 /* libSDL2_ttf-2.0.0.dylib in Frameworks */ = {isa = PBXBuildFile; fileRef = F4F0F8FF29E2CA450057D8B4 /* libSDL2_ttf-2.0.0.dylib */; };
		F4F0F91929E3015C0057D8B4 /* Config.cpp in Sources */ = {isa = PBXBuildFile; fileRef = F4F0F91729E3015C0057D8B4 /* Config.cpp */; };
		F4F0F91C29E302160057D8B4 /* main.cpp in Sources */ = {isa = PBXBuildFile; fileRef = F4F0F91A29E302160057D8B4 /* main.cpp */; };
/* End PBXBuildFile section */

/* Begin PBXCopyFilesBuildPhase section */
		F4F0F8EC29E2C9EB0057D8B4 /* CopyFiles */ = {
			isa = PBXCopyFilesBuildPhase;
			buildActionMask = 2147483647;
			dstPath = /usr/share/man/man1/;
			dstSubfolderSpec = 0;
			files = (
			);
			runOnlyForDeploymentPostprocessing = 1;
		};
/* End PBXCopyFilesBuildPhase section */

/* Begin PBXFileReference section */
		F4195E2729E3030800D14F52 /* Core.cpp */ = {isa = PBXFileReference; lastKnownFileType = sourcecode.cpp.cpp; path = Core.cpp; sourceTree = "<group>"; };
		F4195E2829E3030800D14F52 /* Core.hpp */ = {isa = PBXFileReference; lastKnownFileType = sourcecode.cpp.h; path = Core.hpp; sourceTree = "<group>"; };
		F4195E2A29E303DA00D14F52 /* LTexture.cpp */ = {isa = PBXFileReference; lastKnownFileType = sourcecode.cpp.cpp; path = LTexture.cpp; sourceTree = "<group>"; };
		F4195E2B29E303DA00D14F52 /* LTexture.hpp */ = {isa = PBXFileReference; lastKnownFileType = sourcecode.cpp.h; path = LTexture.hpp; sourceTree = "<group>"; };
		F4195E2D29E3043800D14F52 /* SpaceShip.cpp */ = {isa = PBXFileReference; lastKnownFileType = sourcecode.cpp.cpp; path = SpaceShip.cpp; sourceTree = "<group>"; };
		F4195E2E29E3043800D14F52 /* SpaceShip.hpp */ = {isa = PBXFileReference; lastKnownFileType = sourcecode.cpp.h; path = SpaceShip.hpp; sourceTree = "<group>"; };
		F4195E3029E3047A00D14F52 /* Fire.cpp */ = {isa = PBXFileReference; lastKnownFileType = sourcecode.cpp.cpp; path = Fire.cpp; sourceTree = "<group>"; };
		F4195E3129E3047A00D14F52 /* Fire.hpp */ = {isa = PBXFileReference; lastKnownFileType = sourcecode.cpp.h; path = Fire.hpp; sourceTree = "<group>"; };
		F4F0F8EE29E2C9EB0057D8B4 /* Galaxy Glide */ = {isa = PBXFileReference; explicitFileType = "compiled.mach-o.executable"; includeInIndex = 0; path = "Galaxy Glide"; sourceTree = BUILT_PRODUCTS_DIR; };
		F4F0F8F929E2CA150057D8B4 /* libSDL2-2.0.0.dylib */ = {isa = PBXFileReference; lastKnownFileType = "compiled.mach-o.dylib"; name = "libSDL2-2.0.0.dylib"; path = "../../../../opt/homebrew/Cellar/sdl2/2.26.3/lib/libSDL2-2.0.0.dylib"; sourceTree = "<group>"; };
		F4F0F8FB29E2CA270057D8B4 /* libSDL2_image-2.0.0.dylib */ = {isa = PBXFileReference; lastKnownFileType = "compiled.mach-o.dylib"; name = "libSDL2_image-2.0.0.dylib"; path = "../../../../opt/homebrew/Cellar/sdl2_image/2.6.3/lib/libSDL2_image-2.0.0.dylib"; sourceTree = "<group>"; };
		F4F0F8FD29E2CA380057D8B4 /* libSDL2_mixer-2.0.0.dylib */ = {isa = PBXFileReference; lastKnownFileType = "compiled.mach-o.dylib"; name = "libSDL2_mixer-2.0.0.dylib"; path = "../../../../opt/homebrew/Cellar/sdl2_mixer/2.6.3_1/lib/libSDL2_mixer-2.0.0.dylib"; sourceTree = "<group>"; };
		F4F0F8FF29E2CA450057D8B4 /* libSDL2_ttf-2.0.0.dylib */ = {isa = PBXFileReference; lastKnownFileType = "compiled.mach-o.dylib"; name = "libSDL2_ttf-2.0.0.dylib"; path = "../../../../opt/homebrew/Cellar/sdl2_ttf/2.20.2/lib/libSDL2_ttf-2.0.0.dylib"; sourceTree = "<group>"; };
		F4F0F91729E3015C0057D8B4 /* Config.cpp */ = {isa = PBXFileReference; lastKnownFileType = sourcecode.cpp.cpp; path = Config.cpp; sourceTree = "<group>"; };
		F4F0F91829E3015C0057D8B4 /* Config.hpp */ = {isa = PBXFileReference; lastKnownFileType = sourcecode.cpp.h; path = Config.hpp; sourceTree = "<group>"; };
		F4F0F91A29E302160057D8B4 /* main.cpp */ = {isa = PBXFileReference; lastKnownFileType = sourcecode.cpp.cpp; path = main.cpp; sourceTree = "<group>"; };
		F4F0F91B29E302160057D8B4 /* main.hpp */ = {isa = PBXFileReference; lastKnownFileType = sourcecode.cpp.h; path = main.hpp; sourceTree = "<group>"; };
/* End PBXFileReference section */

/* Begin PBXFrameworksBuildPhase section */
		F4F0F8EB29E2C9EB0057D8B4 /* Frameworks */ = {
			isa = PBXFrameworksBuildPhase;
			buildActionMask = 2147483647;
			files = (
				F4F0F90029E2CA450057D8B4 /* libSDL2_ttf-2.0.0.dylib in Frameworks */,
				F4F0F8FE29E2CA380057D8B4 /* libSDL2_mixer-2.0.0.dylib in Frameworks */,
				F4F0F8FC29E2CA270057D8B4 /* libSDL2_image-2.0.0.dylib in Frameworks */,
				F4F0F8FA29E2CA150057D8B4 /* libSDL2-2.0.0.dylib in Frameworks */,
			);
			runOnlyForDeploymentPostprocessing = 0;
		};
/* End PBXFrameworksBuildPhase section */

/* Begin PBXGroup section */
		F4F0F8E529E2C9EB0057D8B4 = {
			isa = PBXGroup;
			children = (
				F4F0F8F029E2C9EB0057D8B4 /* Galaxy Glide */,
				F4F0F8EF29E2C9EB0057D8B4 /* Products */,
				F4F0F8F829E2CA150057D8B4 /* Frameworks */,
			);
			sourceTree = "<group>";
		};
		F4F0F8EF29E2C9EB0057D8B4 /* Products */ = {
			isa = PBXGroup;
			children = (
				F4F0F8EE29E2C9EB0057D8B4 /* Galaxy Glide */,
			);
			name = Products;
			sourceTree = "<group>";
		};
		F4F0F8F029E2C9EB0057D8B4 /* Galaxy Glide */ = {
			isa = PBXGroup;
			children = (
				F4F0F91729E3015C0057D8B4 /* Config.cpp */,
				F4F0F91829E3015C0057D8B4 /* Config.hpp */,
				F4F0F91A29E302160057D8B4 /* main.cpp */,
				F4F0F91B29E302160057D8B4 /* main.hpp */,
				F4195E2729E3030800D14F52 /* Core.cpp */,
				F4195E2829E3030800D14F52 /* Core.hpp */,
				F4195E2A29E303DA00D14F52 /* LTexture.cpp */,
				F4195E2B29E303DA00D14F52 /* LTexture.hpp */,
				F4195E2D29E3043800D14F52 /* SpaceShip.cpp */,
				F4195E2E29E3043800D14F52 /* SpaceShip.hpp */,
				F4195E3029E3047A00D14F52 /* Fire.cpp */,
				F4195E3129E3047A00D14F52 /* Fire.hpp */,
			);
			path = "Galaxy Glide";
			sourceTree = "<group>";
		};
		F4F0F8F829E2CA150057D8B4 /* Frameworks */ = {
			isa = PBXGroup;
			children = (
				F4F0F8FF29E2CA450057D8B4 /* libSDL2_ttf-2.0.0.dylib */,
				F4F0F8FD29E2CA380057D8B4 /* libSDL2_mixer-2.0.0.dylib */,
				F4F0F8FB29E2CA270057D8B4 /* libSDL2_image-2.0.0.dylib */,
				F4F0F8F929E2CA150057D8B4 /* libSDL2-2.0.0.dylib */,
			);
			name = Frameworks;
			sourceTree = "<group>";
		};
/* End PBXGroup section */

/* Begin PBXNativeTarget section */
		F4F0F8ED29E2C9EB0057D8B4 /* Galaxy Glide */ = {
			isa = PBXNativeTarget;
			buildConfigurationList = F4F0F8F529E2C9EB0057D8B4 /* Build configuration list for PBXNativeTarget "Galaxy Glide" */;
			buildPhases = (
				F4F0F8EA29E2C9EB0057D8B4 /* Sources */,
				F4F0F8EB29E2C9EB0057D8B4 /* Frameworks */,
				F4F0F8EC29E2C9EB0057D8B4 /* CopyFiles */,
			);
			buildRules = (
			);
			dependencies = (
			);
			name = "Galaxy Glide";
			productName = jskahdaskdhbasjkmfas;
			productReference = F4F0F8EE29E2C9EB0057D8B4 /* Galaxy Glide */;
			productType = "com.apple.product-type.tool";
		};
/* End PBXNativeTarget section */

/* Begin PBXProject section */
		F4F0F8E629E2C9EB0057D8B4 /* Project object */ = {
			isa = PBXProject;
			attributes = {
				BuildIndependentTargetsInParallel = 1;
				LastUpgradeCheck = 1430;
				TargetAttributes = {
					F4F0F8ED29E2C9EB0057D8B4 = {
						CreatedOnToolsVersion = 14.3;
					};
				};
			};
			buildConfigurationList = F4F0F8E929E2C9EB0057D8B4 /* Build configuration list for PBXProject "jskahdaskdhbasjkmfas" */;
			compatibilityVersion = "Xcode 14.0";
			developmentRegion = en;
			hasScannedForEncodings = 0;
			knownRegions = (
				en,
				Base,
			);
			mainGroup = F4F0F8E529E2C9EB0057D8B4;
			productRefGroup = F4F0F8EF29E2C9EB0057D8B4 /* Products */;
			projectDirPath = "";
			projectRoot = "";
			targets = (
				F4F0F8ED29E2C9EB0057D8B4 /* Galaxy Glide */,
			);
		};
/* End PBXProject section */

/* Begin PBXSourcesBuildPhase section */
		F4F0F8EA29E2C9EB0057D8B4 /* Sources */ = {
			isa = PBXSourcesBuildPhase;
			buildActionMask = 2147483647;
			files = (
				F4195E3229E3047A00D14F52 /* Fire.cpp in Sources */,
				F4195E2F29E3043800D14F52 /* SpaceShip.cpp in Sources */,
				F4195E2C29E303DA00D14F52 /* LTexture.cpp in Sources */,
				F4F0F91929E3015C0057D8B4 /* Config.cpp in Sources */,
				F4195E2929E3030800D14F52 /* Core.cpp in Sources */,
				F4F0F91C29E302160057D8B4 /* main.cpp in Sources */,
			);
			runOnlyForDeploymentPostprocessing = 0;
		};
/* End PBXSourcesBuildPhase section */

/* Begin XCBuildConfiguration section */
		F4F0F8F329E2C9EB0057D8B4 /* Debug */ = {
			isa = XCBuildConfiguration;
			buildSettings = {
				ALWAYS_SEARCH_USER_PATHS = NO;
				CLANG_ANALYZER_NONNULL = YES;
				CLANG_ANALYZER_NUMBER_OBJECT_CONVERSION = YES_AGGRESSIVE;
				CLANG_CXX_LANGUAGE_STANDARD = "gnu++20";
				CLANG_ENABLE_MODULES = YES;
				CLANG_ENABLE_OBJC_ARC = YES;
				CLANG_ENABLE_OBJC_WEAK = YES;
				CLANG_WARN_BLOCK_CAPTURE_AUTORELEASING = YES;
				CLANG_WARN_BOOL_CONVERSION = YES;
				CLANG_WARN_COMMA = YES;
				CLANG_WARN_CONSTANT_CONVERSION = YES;
				CLANG_WARN_DEPRECATED_OBJC_IMPLEMENTATIONS = YES;
				CLANG_WARN_DIRECT_OBJC_ISA_USAGE = YES_ERROR;
				CLANG_WARN_DOCUMENTATION_COMMENTS = YES;
				CLANG_WARN_EMPTY_BODY = YES;
				CLANG_WARN_ENUM_CONVERSION = YES;
				CLANG_WARN_INFINITE_RECURSION = YES;
				CLANG_WARN_INT_CONVERSION = YES;
				CLANG_WARN_NON_LITERAL_NULL_CONVERSION = YES;
				CLANG_WARN_OBJC_IMPLICIT_RETAIN_SELF = YES;
				CLANG_WARN_OBJC_LITERAL_CONVERSION = YES;
				CLANG_WARN_OBJC_ROOT_CLASS = YES_ERROR;
				CLANG_WARN_QUOTED_INCLUDE_IN_FRAMEWORK_HEADER = YES;
				CLANG_WARN_RANGE_LOOP_ANALYSIS = YES;
				CLANG_WARN_STRICT_PROTOTYPES = YES;
				CLANG_WARN_SUSPICIOUS_MOVE = YES;
				CLANG_WARN_UNGUARDED_AVAILABILITY = YES_AGGRESSIVE;
				CLANG_WARN_UNREACHABLE_CODE = YES;
				CLANG_WARN__DUPLICATE_METHOD_MATCH = YES;
				COPY_PHASE_STRIP = NO;
				DEBUG_INFORMATION_FORMAT = dwarf;
				ENABLE_STRICT_OBJC_MSGSEND = YES;
				ENABLE_TESTABILITY = YES;
				GCC_C_LANGUAGE_STANDARD = gnu11;
				GCC_DYNAMIC_NO_PIC = NO;
				GCC_NO_COMMON_BLOCKS = YES;
				GCC_OPTIMIZATION_LEVEL = 0;
				GCC_PREPROCESSOR_DEFINITIONS = (
					"DEBUG=1",
					"$(inherited)",
				);
				GCC_WARN_64_TO_32_BIT_CONVERSION = YES;
				GCC_WARN_ABOUT_RETURN_TYPE = YES_ERROR;
				GCC_WARN_UNDECLARED_SELECTOR = YES;
				GCC_WARN_UNINITIALIZED_AUTOS = YES_AGGRESSIVE;
				GCC_WARN_UNUSED_FUNCTION = YES;
				GCC_WARN_UNUSED_VARIABLE = YES;
				MACOSX_DEPLOYMENT_TARGET = 13.3;
				MTL_ENABLE_DEBUG_INFO = INCLUDE_SOURCE;
				MTL_FAST_MATH = YES;
				ONLY_ACTIVE_ARCH = YES;
				SDKROOT = macosx;
			};
			name = Debug;
		};
		F4F0F8F429E2C9EB0057D8B4 /* Release */ = {
			isa = XCBuildConfiguration;
			buildSettings = {
				ALWAYS_SEARCH_USER_PATHS = NO;
				CLANG_ANALYZER_NONNULL = YES;
				CLANG_ANALYZER_NUMBER_OBJECT_CONVERSION = YES_AGGRESSIVE;
				CLANG_CXX_LANGUAGE_STANDARD = "gnu++20";
				CLANG_ENABLE_MODULES = YES;
				CLANG_ENABLE_OBJC_ARC = YES;
				CLANG_ENABLE_OBJC_WEAK = YES;
				CLANG_WARN_BLOCK_CAPTURE_AUTORELEASING = YES;
				CLANG_WARN_BOOL_CONVERSION = YES;
				CLANG_WARN_COMMA = YES;
				CLANG_WARN_CONSTANT_CONVERSION = YES;
				CLANG_WARN_DEPRECATED_OBJC_IMPLEMENTATIONS = YES;
				CLANG_WARN_DIRECT_OBJC_ISA_USAGE = YES_ERROR;
				CLANG_WARN_DOCUMENTATION_COMMENTS = YES;
				CLANG_WARN_EMPTY_BODY = YES;
				CLANG_WARN_ENUM_CONVERSION = YES;
				CLANG_WARN_INFINITE_RECURSION = YES;
				CLANG_WARN_INT_CONVERSION = YES;
				CLANG_WARN_NON_LITERAL_NULL_CONVERSION = YES;
				CLANG_WARN_OBJC_IMPLICIT_RETAIN_SELF = YES;
				CLANG_WARN_OBJC_LITERAL_CONVERSION = YES;
				CLANG_WARN_OBJC_ROOT_CLASS = YES_ERROR;
				CLANG_WARN_QUOTED_INCLUDE_IN_FRAMEWORK_HEADER = YES;
				CLANG_WARN_RANGE_LOOP_ANALYSIS = YES;
				CLANG_WARN_STRICT_PROTOTYPES = YES;
				CLANG_WARN_SUSPICIOUS_MOVE = YES;
				CLANG_WARN_UNGUARDED_AVAILABILITY = YES_AGGRESSIVE;
				CLANG_WARN_UNREACHABLE_CODE = YES;
				CLANG_WARN__DUPLICATE_METHOD_MATCH = YES;
				COPY_PHASE_STRIP = NO;
				DEBUG_INFORMATION_FORMAT = "dwarf-with-dsym";
				ENABLE_NS_ASSERTIONS = NO;
				ENABLE_STRICT_OBJC_MSGSEND = YES;
				GCC_C_LANGUAGE_STANDARD = gnu11;
				GCC_NO_COMMON_BLOCKS = YES;
				GCC_WARN_64_TO_32_BIT_CONVERSION = YES;
				GCC_WARN_ABOUT_RETURN_TYPE = YES_ERROR;
				GCC_WARN_UNDECLARED_SELECTOR = YES;
				GCC_WARN_UNINITIALIZED_AUTOS = YES_AGGRESSIVE;
				GCC_WARN_UNUSED_FUNCTION = YES;
				GCC_WARN_UNUSED_VARIABLE = YES;
				MACOSX_DEPLOYMENT_TARGET = 13.3;
				MTL_ENABLE_DEBUG_INFO = NO;
				MTL_FAST_MATH = YES;
				SDKROOT = macosx;
			};
			name = Release;
		};
		F4F0F8F629E2C9EB0057D8B4 /* Debug */ = {
			isa = XCBuildConfiguration;
			buildSettings = {
				CODE_SIGN_STYLE = Automatic;
				HEADER_SEARCH_PATHS = /opt/homebrew/include;
				LIBRARY_SEARCH_PATHS = (
					"$(inherited)",
					/opt/homebrew/Cellar/sdl2/2.26.3/lib,
					/opt/homebrew/Cellar/sdl2_image/2.6.3/lib,
					/opt/homebrew/Cellar/sdl2_mixer/2.6.3_1/lib,
					/opt/homebrew/Cellar/sdl2_ttf/2.20.2/lib,
				);
				PRODUCT_NAME = "$(TARGET_NAME)";
			};
			name = Debug;
		};
		F4F0F8F729E2C9EB0057D8B4 /* Release */ = {
			isa = XCBuildConfiguration;
			buildSettings = {
				CODE_SIGN_STYLE = Automatic;
				HEADER_SEARCH_PATHS = /opt/homebrew/include;
				LIBRARY_SEARCH_PATHS = (
					"$(inherited)",
					/opt/homebrew/Cellar/sdl2/2.26.3/lib,
					/opt/homebrew/Cellar/sdl2_image/2.6.3/lib,
					/opt/homebrew/Cellar/sdl2_mixer/2.6.3_1/lib,
					/opt/homebrew/Cellar/sdl2_ttf/2.20.2/lib,
				);
				PRODUCT_NAME = "$(TARGET_NAME)";
			};
			name = Release;
		};
/* End XCBuildConfiguration section */

/* Begin XCConfigurationList section */
		F4F0F8E929E2C9EB0057D8B4 /* Build configuration list for PBXProject "jskahdaskdhbasjkmfas" */ = {
			isa = XCConfigurationList;
			buildConfigurations = (
				F4F0F8F329E2C9EB0057D8B4 /* Debug */,
				F4F0F8F429E2C9EB0057D8B4 /* Release */,
			);
			defaultConfigurationIsVisible = 0;
			defaultConfigurationName = Release;
		};
		F4F0F8F529E2C9EB0057D8B4 /* Build configuration list for PBXNativeTarget "Galaxy Glide" */ = {
			isa = XCConfigurationList;
			buildConfigurations = (
				F4F0F8F629E2C9EB0057D8B4 /* Debug */,
				F4F0F8F729E2C9EB0057D8B4 /* Release */,
			);
			defaultConfigurationIsVisible = 0;
			defaultConfigurationName = Release;
		};
/* End XCConfigurationList section */
	};
	rootObject = F4F0F8E629E2C9EB0057D8B4 /* Project object */;
}
